
Microsoft Visual Studio Solution File, Format Version 12.00
# Visual Studio Version 17
VisualStudioVersion = 17.4.33213.308
MinimumVisualStudioVersion = 10.0.40219.1
Project("{FAE04EC0-301F-11D3-BF4B-00C04F79EFBC}") = "Yammer.REST.API.WCF", "Yammer.REST.API.WCF\Yammer.REST.API.WCF.csproj", "{B0C197E8-0949-4B55-97D3-7128BB74DBFE}"
EndProject
Global
	GlobalSection(SolutionConfigurationPlatforms) = preSolution
		Debug|Any CPU = Debug|Any CPU
		Release|Any CPU = Release|Any CPU
	EndGlobalSection
	GlobalSection(ProjectConfigurationPlatforms) = postSolution
		{B0C197E8-0949-4B55-97D3-7128BB74DBFE}.Debug|Any CPU.ActiveCfg = Debug|Any CPU
		{B0C197E8-0949-4B55-97D3-7128BB74DBFE}.Debug|Any CPU.Build.0 = Debug|Any CPU
		{B0C197E8-0949-4B55-97D3-7128BB74DBFE}.Release|Any CPU.ActiveCfg = Release|Any CPU
		{B0C197E8-0949-4B55-97D3-7128BB74DBFE}.Release|Any CPU.Build.0 = Release|Any CPU
	EndGlobalSection
	GlobalSection(SolutionProperties) = preSolution
		HideSolutionNode = FALSE
	EndGlobalSection
	GlobalSection(ExtensibilityGlobals) = postSolution
		SolutionGuid = {FF45B242-5C41-4906-B6DC-F0EC1DF67FB6}
	EndGlobalSection
EndGlobal
